
Microsoft Visual Studio Solution File, Format Version 12.00
# Visual Studio 15
VisualStudioVersion = 15.0.27428.2043
MinimumVisualStudioVersion = 10.0.40219.1
Project("{8BC9CEB8-8B4A-11D0-8D11-00A0C91BC942}") = "BankBox", "BankBox\BankBox.vcxproj", "{CCD44533-751C-4787-ACA0-F2F9D09E4451}"
EndProject
Global
	GlobalSection(SolutionConfigurationPlatforms) = preSolution
		Debug|x64 = Debug|x64
		Debug|x86 = Debug|x86
		Release|x64 = Release|x64
		Release|x86 = Release|x86
	EndGlobalSection
	GlobalSection(ProjectConfigurationPlatforms) = postSolution
		{CCD44533-751C-4787-ACA0-F2F9D09E4451}.Debug|x64.ActiveCfg = Debug|x64
		{CCD44533-751C-4787-ACA0-F2F9D09E4451}.Debug|x64.Build.0 = Debug|x64
		{CCD44533-751C-4787-ACA0-F2F9D09E4451}.Debug|x86.ActiveCfg = Debug|Win32
		{CCD44533-751C-4787-ACA0-F2F9D09E4451}.Debug|x86.Build.0 = Debug|Win32
		{CCD44533-751C-4787-ACA0-F2F9D09E4451}.Release|x64.ActiveCfg = Release|x64
		{CCD44533-751C-4787-ACA0-F2F9D09E4451}.Release|x64.Build.0 = Release|x64
		{CCD44533-751C-4787-ACA0-F2F9D09E4451}.Release|x86.ActiveCfg = Release|Win32
		{CCD44533-751C-4787-ACA0-F2F9D09E4451}.Release|x86.Build.0 = Release|Win32
	EndGlobalSection
	GlobalSection(SolutionProperties) = preSolution
		HideSolutionNode = FALSE
	EndGlobalSection
	GlobalSection(ExtensibilityGlobals) = postSolution
		SolutionGuid = {60538BB0-B74D-45E2-8C10-43434A9FCD58}
	EndGlobalSection
EndGlobal
